
Microsoft Visual Studio Solution File, Format Version 12.00
# Visual Studio 15
VisualStudioVersion = 15.0.28307.539
MinimumVisualStudioVersion = 10.0.40219.1
Project("{FAE04EC0-301F-11D3-BF4B-00C04F79EFBC}") = "KayBee4", "KayBee4\KayBee4\KayBee4.csproj", "{2DA9730D-C408-49D9-AF84-79A73914A6C1}"
EndProject
Project("{FAE04EC0-301F-11D3-BF4B-00C04F79EFBC}") = "KayBee4.Tests", "KayBee4\KayBee4.Tests\KayBee4.Tests.csproj", "{CEA7A473-70D0-4227-8C0D-DF4AE1F1F841}"
EndProject
Global
	GlobalSection(SolutionConfigurationPlatforms) = preSolution
		Debug|Any CPU = Debug|Any CPU
		Release|Any CPU = Release|Any CPU
	EndGlobalSection
	GlobalSection(ProjectConfigurationPlatforms) = postSolution
		{2DA9730D-C408-49D9-AF84-79A73914A6C1}.Debug|Any CPU.ActiveCfg = Debug|Any CPU
		{2DA9730D-C408-49D9-AF84-79A73914A6C1}.Debug|Any CPU.Build.0 = Debug|Any CPU
		{2DA9730D-C408-49D9-AF84-79A73914A6C1}.Release|Any CPU.ActiveCfg = Release|Any CPU
		{2DA9730D-C408-49D9-AF84-79A73914A6C1}.Release|Any CPU.Build.0 = Release|Any CPU
		{CEA7A473-70D0-4227-8C0D-DF4AE1F1F841}.Debug|Any CPU.ActiveCfg = Debug|Any CPU
		{CEA7A473-70D0-4227-8C0D-DF4AE1F1F841}.Debug|Any CPU.Build.0 = Debug|Any CPU
		{CEA7A473-70D0-4227-8C0D-DF4AE1F1F841}.Release|Any CPU.ActiveCfg = Release|Any CPU
		{CEA7A473-70D0-4227-8C0D-DF4AE1F1F841}.Release|Any CPU.Build.0 = Release|Any CPU
	EndGlobalSection
	GlobalSection(SolutionProperties) = preSolution
		HideSolutionNode = FALSE
	EndGlobalSection
	GlobalSection(ExtensibilityGlobals) = postSolution
		SolutionGuid = {70FE332C-40D8-4F8D-9C19-C74D3E205E9F}
	EndGlobalSection
EndGlobal
